
Microsoft Visual Studio Solution File, Format Version 12.00
# Visual Studio Version 16
VisualStudioVersion = 16.0.29326.143
MinimumVisualStudioVersion = 10.0.40219.1
Project("{9A19103F-16F7-4668-BE54-9A1E7A4F7556}") = "Projet1", "Projet1.csproj", "{03817406-B514-4CF1-A322-7A5E4D3D7608}"
EndProject
Project("{9A19103F-16F7-4668-BE54-9A1E7A4F7556}") = "ClassLibrary1", "..\ClassLibrary1\ClassLibrary1.csproj", "{68030169-8365-432A-8293-3BD29EC8C8A9}"
EndProject
Project("{2150E333-8FDC-42A3-9474-1A3956D46DE8}") = "Test", "Test", "{7F67949B-8BEA-419E-92FA-F488B553DBE9}"
EndProject
Project("{9A19103F-16F7-4668-BE54-9A1E7A4F7556}") = "Test_Personnage", "..\Test_Personnage\Test_Personnage.csproj", "{D4EB76BC-B2AD-48EF-9049-0B87668B3C32}"
EndProject
Project("{9A19103F-16F7-4668-BE54-9A1E7A4F7556}") = "Test_Arc+Nom_Arc", "..\Test_Arc+Nom_Arc\Test_Arc+Nom_Arc.csproj", "{AC122B34-6286-4A6E-A2B0-38408B839F2A}"
EndProject
Project("{9A19103F-16F7-4668-BE54-9A1E7A4F7556}") = "UnitsTests", "..\UnitsTests\UnitsTests.csproj", "{291046EF-F029-49CE-90F7-A6023AA85997}"
EndProject
Project("{9A19103F-16F7-4668-BE54-9A1E7A4F7556}") = "Stub", "..\Stub\Stub.csproj", "{8CF03336-4CAA-47B5-B9ED-83BC7FF357FD}"
EndProject
Project("{FAE04EC0-301F-11D3-BF4B-00C04F79EFBC}") = "DataContractPersistance", "..\DataContractPersistance\DataContractPersistance.csproj", "{E8C84451-2189-4B2C-9324-4866EC4C3D9C}"
EndProject
Project("{FAE04EC0-301F-11D3-BF4B-00C04F79EFBC}") = "Test_DataContract", "..\Test_DataContract\Test_DataContract.csproj", "{134B45CE-8A9D-408D-8954-D0D075E1F31A}"
EndProject
Global
	GlobalSection(SolutionConfigurationPlatforms) = preSolution
		Debug|Any CPU = Debug|Any CPU
		Release|Any CPU = Release|Any CPU
	EndGlobalSection
	GlobalSection(ProjectConfigurationPlatforms) = postSolution
		{03817406-B514-4CF1-A322-7A5E4D3D7608}.Debug|Any CPU.ActiveCfg = Debug|Any CPU
		{03817406-B514-4CF1-A322-7A5E4D3D7608}.Debug|Any CPU.Build.0 = Debug|Any CPU
		{03817406-B514-4CF1-A322-7A5E4D3D7608}.Release|Any CPU.ActiveCfg = Release|Any CPU
		{03817406-B514-4CF1-A322-7A5E4D3D7608}.Release|Any CPU.Build.0 = Release|Any CPU
		{68030169-8365-432A-8293-3BD29EC8C8A9}.Debug|Any CPU.ActiveCfg = Debug|Any CPU
		{68030169-8365-432A-8293-3BD29EC8C8A9}.Debug|Any CPU.Build.0 = Debug|Any CPU
		{68030169-8365-432A-8293-3BD29EC8C8A9}.Release|Any CPU.ActiveCfg = Release|Any CPU
		{68030169-8365-432A-8293-3BD29EC8C8A9}.Release|Any CPU.Build.0 = Release|Any CPU
		{D4EB76BC-B2AD-48EF-9049-0B87668B3C32}.Debug|Any CPU.ActiveCfg = Debug|Any CPU
		{D4EB76BC-B2AD-48EF-9049-0B87668B3C32}.Debug|Any CPU.Build.0 = Debug|Any CPU
		{D4EB76BC-B2AD-48EF-9049-0B87668B3C32}.Release|Any CPU.ActiveCfg = Release|Any CPU
		{D4EB76BC-B2AD-48EF-9049-0B87668B3C32}.Release|Any CPU.Build.0 = Release|Any CPU
		{AC122B34-6286-4A6E-A2B0-38408B839F2A}.Debug|Any CPU.ActiveCfg = Debug|Any CPU
		{AC122B34-6286-4A6E-A2B0-38408B839F2A}.Debug|Any CPU.Build.0 = Debug|Any CPU
		{AC122B34-6286-4A6E-A2B0-38408B839F2A}.Release|Any CPU.ActiveCfg = Release|Any CPU
		{AC122B34-6286-4A6E-A2B0-38408B839F2A}.Release|Any CPU.Build.0 = Release|Any CPU
		{291046EF-F029-49CE-90F7-A6023AA85997}.Debug|Any CPU.ActiveCfg = Debug|Any CPU
		{291046EF-F029-49CE-90F7-A6023AA85997}.Debug|Any CPU.Build.0 = Debug|Any CPU
		{291046EF-F029-49CE-90F7-A6023AA85997}.Release|Any CPU.ActiveCfg = Release|Any CPU
		{291046EF-F029-49CE-90F7-A6023AA85997}.Release|Any CPU.Build.0 = Release|Any CPU
		{8CF03336-4CAA-47B5-B9ED-83BC7FF357FD}.Debug|Any CPU.ActiveCfg = Debug|Any CPU
		{8CF03336-4CAA-47B5-B9ED-83BC7FF357FD}.Debug|Any CPU.Build.0 = Debug|Any CPU
		{8CF03336-4CAA-47B5-B9ED-83BC7FF357FD}.Release|Any CPU.ActiveCfg = Release|Any CPU
		{8CF03336-4CAA-47B5-B9ED-83BC7FF357FD}.Release|Any CPU.Build.0 = Release|Any CPU
		{E8C84451-2189-4B2C-9324-4866EC4C3D9C}.Debug|Any CPU.ActiveCfg = Debug|Any CPU
		{E8C84451-2189-4B2C-9324-4866EC4C3D9C}.Debug|Any CPU.Build.0 = Debug|Any CPU
		{E8C84451-2189-4B2C-9324-4866EC4C3D9C}.Release|Any CPU.ActiveCfg = Release|Any CPU
		{E8C84451-2189-4B2C-9324-4866EC4C3D9C}.Release|Any CPU.Build.0 = Release|Any CPU
		{134B45CE-8A9D-408D-8954-D0D075E1F31A}.Debug|Any CPU.ActiveCfg = Debug|Any CPU
		{134B45CE-8A9D-408D-8954-D0D075E1F31A}.Debug|Any CPU.Build.0 = Debug|Any CPU
		{134B45CE-8A9D-408D-8954-D0D075E1F31A}.Release|Any CPU.ActiveCfg = Release|Any CPU
		{134B45CE-8A9D-408D-8954-D0D075E1F31A}.Release|Any CPU.Build.0 = Release|Any CPU
	EndGlobalSection
	GlobalSection(SolutionProperties) = preSolution
		HideSolutionNode = FALSE
	EndGlobalSection
	GlobalSection(NestedProjects) = preSolution
		{D4EB76BC-B2AD-48EF-9049-0B87668B3C32} = {7F67949B-8BEA-419E-92FA-F488B553DBE9}
		{AC122B34-6286-4A6E-A2B0-38408B839F2A} = {7F67949B-8BEA-419E-92FA-F488B553DBE9}
		{291046EF-F029-49CE-90F7-A6023AA85997} = {7F67949B-8BEA-419E-92FA-F488B553DBE9}
		{134B45CE-8A9D-408D-8954-D0D075E1F31A} = {7F67949B-8BEA-419E-92FA-F488B553DBE9}
	EndGlobalSection
	GlobalSection(ExtensibilityGlobals) = postSolution
		SolutionGuid = {54508853-C59A-4EE1-9DCA-0F59BCF449E0}
	EndGlobalSection
EndGlobal
